schema: '2.0'
stages:
  data_ingestion:
    cmd: python src/data_ingestion.py
    deps:
    - path: src/data_ingestion.py
      hash: md5
      md5: dea137826ea844359db9e532f06a9a2c
      size: 5807
    outs:
    - path: data/raw
      hash: md5
      md5: 1710314c4c6abd656387bde04d250ced.dir
      size: 504947
      nfiles: 2
  data_preprocessing:
    cmd: python src/data_processing.py
    deps:
    - path: data/raw
      hash: md5
      md5: 1710314c4c6abd656387bde04d250ced.dir
      size: 504947
      nfiles: 2
    - path: src/data_processing.py
      hash: md5
      md5: 4c9dd114baf46642f22154f0d08dbf91
      size: 4240
    outs:
    - path: data/interim
      hash: md5
      md5: 87039c191cff4c03ebd272f152687a09.dir
      size: 279046
      nfiles: 2
  feature_engineering:
    cmd: python src/feature_engnering.py
    deps:
    - path: data/interim
      hash: md5
      md5: 87039c191cff4c03ebd272f152687a09.dir
      size: 279046
      nfiles: 2
    - path: src/feature_engnering.py
      hash: md5
      md5: 70de56b1fefa2c7f5a621b71f276f2f2
      size: 12655
    outs:
    - path: data/processed
      hash: md5
      md5: 75e218e1ef3eca0fbee7bf147502a2e7.dir
      size: 1179996
      nfiles: 2
  model_building:
    cmd: python src/model_training.py
    deps:
    - path: data/processed
      hash: md5
      md5: 75e218e1ef3eca0fbee7bf147502a2e7.dir
      size: 1179996
      nfiles: 2
    - path: src/model_training.py
      hash: md5
      md5: 9c5a158247e0a81399c0d7d04d94d771
      size: 4457
    outs:
    - path: models/model.pkl
      hash: md5
      md5: 582a8928877b8f8f58632faedf9461d8
      size: 998473
  model_evaluation:
    cmd: python src/model_evaluation.py
    deps:
    - path: models/model.pkl
      hash: md5
      md5: 582a8928877b8f8f58632faedf9461d8
      size: 998473
    - path: src/model_evaluation.py
      hash: md5
      md5: ebf2c4a2adbc0688f76085d01eb2b9bb
      size: 4658
    outs:
    - path: reports/metrics.json
      hash: md5
      md5: eac6afc8901064a391e7366797af3727
      size: 145
