schema: '2.0'
stages:
  data_ingestion:
    cmd: python src/data_ingestion.py
    deps:
    - path: src/data_ingestion.py
      hash: md5
      md5: aceed23baa7264dab71ba6cce125d25d
      size: 5135
    outs:
    - path: data/raw
      hash: md5
      md5: 6ef0a1ca727862759181931f54e67372.dir
      size: 504947
      nfiles: 2
  data_preprocessing:
    cmd: python src/data_processing.py
    deps:
    - path: data/raw
      hash: md5
      md5: 6ef0a1ca727862759181931f54e67372.dir
      size: 504947
      nfiles: 2
    - path: src/data_processing.py
      hash: md5
      md5: 4c9dd114baf46642f22154f0d08dbf91
      size: 4240
    outs:
    - path: data/interim
      hash: md5
      md5: 329942546b8952586b1b3e2f0c491965.dir
      size: 279484
      nfiles: 2
  feature_engineering:
    cmd: python src/feature_engnering.py
    deps:
    - path: data/interim
      hash: md5
      md5: 329942546b8952586b1b3e2f0c491965.dir
      size: 279484
      nfiles: 2
    - path: src/feature_engnering.py
      hash: md5
      md5: 70de56b1fefa2c7f5a621b71f276f2f2
      size: 12655
    outs:
    - path: data/processed
      hash: md5
      md5: bbec6c2b4c1b816df5e9cd89eaeb45c4.dir
      size: 105812999
      nfiles: 2
  model_building:
    cmd: python src/model_training.py
    deps:
    - path: data/processed
      hash: md5
      md5: bbec6c2b4c1b816df5e9cd89eaeb45c4.dir
      size: 105812999
      nfiles: 2
    - path: src/model_training.py
      hash: md5
      md5: 5105af4924cbca197adb237e740326b8
      size: 3891
    outs:
    - path: models/model.pkl
      hash: md5
      md5: 3a2d6f046219ba56f5b09a0489a4a2d6
      size: 1762119
  model_evaluation:
    cmd: python src/model_evaluation.py
    deps:
    - path: models/model.pkl
      hash: md5
      md5: 3a2d6f046219ba56f5b09a0489a4a2d6
      size: 1762119
    - path: src/model_evaluation.py
      hash: md5
      md5: ebf2c4a2adbc0688f76085d01eb2b9bb
      size: 4658
    outs:
    - path: reports/metrics.json
      hash: md5
      md5: 97c68664bbb1f479e6ecb0a7a2308217
      size: 116
