schema: '2.0'
stages:
  data_ingestion:
    cmd: python src/data_ingestion.py
    deps:
    - path: src/data_ingestion.py
      hash: md5
      md5: dea137826ea844359db9e532f06a9a2c
      size: 5807
    params:
      params.yaml:
        data_ingestion.test_size: 0.1
    outs:
    - path: data/raw
      hash: md5
      md5: 62269ea9f88266d8a2e1879251d2dde3.dir
      size: 504947
      nfiles: 2
  data_preprocessing:
    cmd: python src/data_processing.py
    deps:
    - path: data/raw
      hash: md5
      md5: 62269ea9f88266d8a2e1879251d2dde3.dir
      size: 504947
      nfiles: 2
    - path: src/data_processing.py
      hash: md5
      md5: 4c9dd114baf46642f22154f0d08dbf91
      size: 4240
    outs:
    - path: data/interim
      hash: md5
      md5: c48ab297d6c49f5264608f7b39b7146e.dir
      size: 276401
      nfiles: 2
  feature_engineering:
    cmd: python src/feature_engnering.py
    deps:
    - path: data/interim
      hash: md5
      md5: c48ab297d6c49f5264608f7b39b7146e.dir
      size: 276401
      nfiles: 2
    - path: src/feature_engnering.py
      hash: md5
      md5: 70de56b1fefa2c7f5a621b71f276f2f2
      size: 12655
    params:
      params.yaml:
        feature_engineering.max_features: 52
    outs:
    - path: data/processed
      hash: md5
      md5: 33b9a73985743999419391cc1acbe639.dir
      size: 1217686
      nfiles: 2
  model_building:
    cmd: python src/model_training.py
    deps:
    - path: data/processed
      hash: md5
      md5: 33b9a73985743999419391cc1acbe639.dir
      size: 1217686
      nfiles: 2
    - path: src/model_training.py
      hash: md5
      md5: 9c5a158247e0a81399c0d7d04d94d771
      size: 4457
    params:
      params.yaml:
        model_building.n_estimators: 26
        model_building.random_state: 2
    outs:
    - path: models/model.pkl
      hash: md5
      md5: b0640ac705349b4299d0db44251aee28
      size: 1156949
  model_evaluation:
    cmd: python src/model_evaluation.py
    deps:
    - path: models/model.pkl
      hash: md5
      md5: b0640ac705349b4299d0db44251aee28
      size: 1156949
    - path: src/model_evaluation.py
      hash: md5
      md5: ebf2c4a2adbc0688f76085d01eb2b9bb
      size: 4658
    outs:
    - path: reports/metrics.json
      hash: md5
      md5: b09060b24f47c2a6d22dc9fd2a62cd7a
      size: 145
